
Microsoft Visual Studio Solution File, Format Version 12.00
# Visual Studio Version 17
VisualStudioVersion = 17.0.31717.71
MinimumVisualStudioVersion = 10.0.40219.1
Project("{FAE04EC0-301F-11D3-BF4B-00C04F79EFBC}") = "task2(2)", "task2(2)\task2(2).csproj", "{DCE7688B-C019-4CC2-8EA4-8F6D17C53759}"
EndProject
Global
	GlobalSection(SolutionConfigurationPlatforms) = preSolution
		Debug|Any CPU = Debug|Any CPU
		Release|Any CPU = Release|Any CPU
	EndGlobalSection
	GlobalSection(ProjectConfigurationPlatforms) = postSolution
		{DCE7688B-C019-4CC2-8EA4-8F6D17C53759}.Debug|Any CPU.ActiveCfg = Debug|Any CPU
		{DCE7688B-C019-4CC2-8EA4-8F6D17C53759}.Debug|Any CPU.Build.0 = Debug|Any CPU
		{DCE7688B-C019-4CC2-8EA4-8F6D17C53759}.Release|Any CPU.ActiveCfg = Release|Any CPU
		{DCE7688B-C019-4CC2-8EA4-8F6D17C53759}.Release|Any CPU.Build.0 = Release|Any CPU
	EndGlobalSection
	GlobalSection(SolutionProperties) = preSolution
		HideSolutionNode = FALSE
	EndGlobalSection
	GlobalSection(ExtensibilityGlobals) = postSolution
		SolutionGuid = {3BB53737-A758-40F2-AA62-D9F9E364EF56}
	EndGlobalSection
EndGlobal
